
Microsoft Visual Studio Solution File, Format Version 12.00
# Visual Studio 15
VisualStudioVersion = 15.0.28307.489
MinimumVisualStudioVersion = 10.0.40219.1
Project("{FAE04EC0-301F-11D3-BF4B-00C04F79EFBC}") = "SendgridMVCDemo", "SendgridMVCDemo\SendgridMVCDemo.csproj", "{33D831A2-F3B0-48DC-8FC0-3897538F8E54}"
EndProject
Global
	GlobalSection(SolutionConfigurationPlatforms) = preSolution
		Debug|Any CPU = Debug|Any CPU
		Release|Any CPU = Release|Any CPU
	EndGlobalSection
	GlobalSection(ProjectConfigurationPlatforms) = postSolution
		{33D831A2-F3B0-48DC-8FC0-3897538F8E54}.Debug|Any CPU.ActiveCfg = Debug|Any CPU
		{33D831A2-F3B0-48DC-8FC0-3897538F8E54}.Debug|Any CPU.Build.0 = Debug|Any CPU
		{33D831A2-F3B0-48DC-8FC0-3897538F8E54}.Release|Any CPU.ActiveCfg = Release|Any CPU
		{33D831A2-F3B0-48DC-8FC0-3897538F8E54}.Release|Any CPU.Build.0 = Release|Any CPU
	EndGlobalSection
	GlobalSection(SolutionProperties) = preSolution
		HideSolutionNode = FALSE
	EndGlobalSection
	GlobalSection(ExtensibilityGlobals) = postSolution
		SolutionGuid = {8C36B688-5AE5-4E55-97EC-94A9CCA12369}
	EndGlobalSection
EndGlobal
